<?xml version="1.0" encoding="utf-8"?>
<Project ToolsVersion="4.0" xmlns="http://schemas.microsoft.com/developer/msbuild/2003">
  <ItemGroup>
    <ClCompile Include="main.cpp" />
    <ClCompile Include="r_util.cpp" />
    <ClCompile Include="util.cpp" />
    <ClCompile Include="log.cpp" />
    <ClCompile Include="RPlotHost.cpp" />
    <ClCompile Include="eval.cpp" />
    <ClCompile Include="host.cpp" />
    <ClCompile Include="msvcrt.cpp" />
    <ClCompile Include="detours.cpp" />
    <ClCompile Include="exports.cpp" />
    <ClCompile Include="grdevicesxaml.cpp" />
    <ClCompile Include="grdeviceside.cpp" />
  </ItemGroup>
  <ItemGroup>
    <ClInclude Include="stdafx.h" />
    <ClInclude Include="Rapi.h" />
    <ClInclude Include="util.h" />
    <ClInclude Include="Rgraphicsapi.h" />
    <ClInclude Include="xamlbuilder.h" />
    <ClInclude Include="r_util.h" />
    <ClInclude Include="eval.h" />
    <ClInclude Include="log.h" />
    <ClInclude Include="RPlotHost.h" />
    <ClInclude Include="host.h" />
    <ClInclude Include="msvcrt.h" />
    <ClInclude Include="resource.h" />
    <ClInclude Include="detours.h" />
    <ClInclude Include="exports.h" />
    <ClInclude Include="grdevices.h" />
    <ClInclude Include="grdevicesxaml.h" />
    <ClInclude Include="grdeviceside.h" />
  </ItemGroup>
  <ItemGroup>
    <None Include="packages.config" />
  </ItemGroup>
  <ItemGroup>
    <ResourceCompile Include="Resource.rc" />
  </ItemGroup>
</Project>